
Microsoft Visual Studio Solution File, Format Version 12.00
# Visual Studio Version 16
VisualStudioVersion = 16.0.31205.134
MinimumVisualStudioVersion = 10.0.40219.1
Project("{FAE04EC0-301F-11D3-BF4B-00C04F79EFBC}") = "Assignment operators", "Assignment operators.csproj", "{64D14405-ABAF-46B4-9164-715671DA859A}"
EndProject
Global
	GlobalSection(SolutionConfigurationPlatforms) = preSolution
		Debug|Any CPU = Debug|Any CPU
		Release|Any CPU = Release|Any CPU
	EndGlobalSection
	GlobalSection(ProjectConfigurationPlatforms) = postSolution
		{64D14405-ABAF-46B4-9164-715671DA859A}.Debug|Any CPU.ActiveCfg = Debug|Any CPU
		{64D14405-ABAF-46B4-9164-715671DA859A}.Debug|Any CPU.Build.0 = Debug|Any CPU
		{64D14405-ABAF-46B4-9164-715671DA859A}.Release|Any CPU.ActiveCfg = Release|Any CPU
		{64D14405-ABAF-46B4-9164-715671DA859A}.Release|Any CPU.Build.0 = Release|Any CPU
	EndGlobalSection
	GlobalSection(SolutionProperties) = preSolution
		HideSolutionNode = FALSE
	EndGlobalSection
	GlobalSection(ExtensibilityGlobals) = postSolution
		SolutionGuid = {0D7FF12D-912F-4B97-89D8-1B1CD813F539}
	EndGlobalSection
EndGlobal
