
Microsoft Visual Studio Solution File, Format Version 12.00
# Visual Studio Version 16
VisualStudioVersion = 16.0.31205.134
MinimumVisualStudioVersion = 10.0.40219.1
Project("{FAE04EC0-301F-11D3-BF4B-00C04F79EFBC}") = "Relational operators", "Relational operators.csproj", "{6198EBAE-2E8C-41DD-A910-10A66287632D}"
EndProject
Global
	GlobalSection(SolutionConfigurationPlatforms) = preSolution
		Debug|Any CPU = Debug|Any CPU
		Release|Any CPU = Release|Any CPU
	EndGlobalSection
	GlobalSection(ProjectConfigurationPlatforms) = postSolution
		{6198EBAE-2E8C-41DD-A910-10A66287632D}.Debug|Any CPU.ActiveCfg = Debug|Any CPU
		{6198EBAE-2E8C-41DD-A910-10A66287632D}.Debug|Any CPU.Build.0 = Debug|Any CPU
		{6198EBAE-2E8C-41DD-A910-10A66287632D}.Release|Any CPU.ActiveCfg = Release|Any CPU
		{6198EBAE-2E8C-41DD-A910-10A66287632D}.Release|Any CPU.Build.0 = Release|Any CPU
	EndGlobalSection
	GlobalSection(SolutionProperties) = preSolution
		HideSolutionNode = FALSE
	EndGlobalSection
	GlobalSection(ExtensibilityGlobals) = postSolution
		SolutionGuid = {9DE72280-019C-404D-B7B8-AD87B84713D3}
	EndGlobalSection
EndGlobal
